
Microsoft Visual Studio Solution File, Format Version 12.00
# Visual Studio 15
VisualStudioVersion = 15.0.27130.2010
MinimumVisualStudioVersion = 10.0.40219.1
Project("{FAE04EC0-301F-11D3-BF4B-00C04F79EFBC}") = "Configuration", "Configuration\Configuration.csproj", "{E92F567D-09A8-4523-9FD3-6ABD22602E25}"
EndProject
Global
	GlobalSection(SolutionConfigurationPlatforms) = preSolution
		Debug|Any CPU = Debug|Any CPU
		Release|Any CPU = Release|Any CPU
	EndGlobalSection
	GlobalSection(ProjectConfigurationPlatforms) = postSolution
		{E92F567D-09A8-4523-9FD3-6ABD22602E25}.Debug|Any CPU.ActiveCfg = Debug|Any CPU
		{E92F567D-09A8-4523-9FD3-6ABD22602E25}.Debug|Any CPU.Build.0 = Debug|Any CPU
		{E92F567D-09A8-4523-9FD3-6ABD22602E25}.Release|Any CPU.ActiveCfg = Release|Any CPU
		{E92F567D-09A8-4523-9FD3-6ABD22602E25}.Release|Any CPU.Build.0 = Release|Any CPU
	EndGlobalSection
	GlobalSection(SolutionProperties) = preSolution
		HideSolutionNode = FALSE
	EndGlobalSection
	GlobalSection(ExtensibilityGlobals) = postSolution
		SolutionGuid = {C5BC7D70-5958-4E5B-8C41-C6632057F069}
	EndGlobalSection
EndGlobal
